// !$*UTF8*$!
{
	archiveVersion = 1;
	classes = {
	};
	objectVersion = 56;
	objects = {

/* Begin PBXBuildFile section */
		086A246132763C032BECB224 /* Pods_SwiftUIChat.framework in Frameworks */ = {isa = PBXBuildFile; fileRef = 32EF89797C49BF9849865AAB /* Pods_SwiftUIChat.framework */; };
		7A398EE8299603E400B46BDD /* SwiftUIChatApp.swift in Sources */ = {isa = PBXBuildFile; fileRef = 7A398EE7299603E400B46BDD /* SwiftUIChatApp.swift */; };
		7A398EEA299603E400B46BDD /* ContentView.swift in Sources */ = {isa = PBXBuildFile; fileRef = 7A398EE9299603E400B46BDD /* ContentView.swift */; };
		7A398EEC299603E600B46BDD /* Assets.xcassets in Resources */ = {isa = PBXBuildFile; fileRef = 7A398EEB299603E600B46BDD /* Assets.xcassets */; };
		7A398EEF299603E600B46BDD /* Preview Assets.xcassets in Resources */ = {isa = PBXBuildFile; fileRef = 7A398EEE299603E600B46BDD /* Preview Assets.xcassets */; };
		7A398EFB2996061100B46BDD /* ChatListVC.swift in Sources */ = {isa = PBXBuildFile; fileRef = 7A398EFA2996061100B46BDD /* ChatListVC.swift */; };
		7A398EFD2996062100B46BDD /* ChatVC.swift in Sources */ = {isa = PBXBuildFile; fileRef = 7A398EFC2996062100B46BDD /* ChatVC.swift */; };
		7A398EFF299607F300B46BDD /* GoogleService-Info.plist in Resources */ = {isa = PBXBuildFile; fileRef = 7A398EFE299607F300B46BDD /* GoogleService-Info.plist */; };
		7A398F012996089900B46BDD /* ConstantClass.swift in Sources */ = {isa = PBXBuildFile; fileRef = 7A398F002996089900B46BDD /* ConstantClass.swift */; };
		7A398F0429960B6100B46BDD /* SakiColor.swift in Sources */ = {isa = PBXBuildFile; fileRef = 7A398F0329960B6100B46BDD /* SakiColor.swift */; };
		7A398F06299611CD00B46BDD /* LoginView.swift in Sources */ = {isa = PBXBuildFile; fileRef = 7A398F05299611CD00B46BDD /* LoginView.swift */; };
/* End PBXBuildFile section */

/* Begin PBXFileReference section */
		32EF89797C49BF9849865AAB /* Pods_SwiftUIChat.framework */ = {isa = PBXFileReference; explicitFileType = wrapper.framework; includeInIndex = 0; path = Pods_SwiftUIChat.framework; sourceTree = BUILT_PRODUCTS_DIR; };
		7A398EE4299603E400B46BDD /* SwiftUIChat.app */ = {isa = PBXFileReference; explicitFileType = wrapper.application; includeInIndex = 0; path = SwiftUIChat.app; sourceTree = BUILT_PRODUCTS_DIR; };
		7A398EE7299603E400B46BDD /* SwiftUIChatApp.swift */ = {isa = PBXFileReference; lastKnownFileType = sourcecode.swift; path = SwiftUIChatApp.swift; sourceTree = "<group>"; };
		7A398EE9299603E400B46BDD /* ContentView.swift */ = {isa = PBXFileReference; lastKnownFileType = sourcecode.swift; path = ContentView.swift; sourceTree = "<group>"; };
		7A398EEB299603E600B46BDD /* Assets.xcassets */ = {isa = PBXFileReference; lastKnownFileType = folder.assetcatalog; path = Assets.xcassets; sourceTree = "<group>"; };
		7A398EEE299603E600B46BDD /* Preview Assets.xcassets */ = {isa = PBXFileReference; lastKnownFileType = folder.assetcatalog; path = "Preview Assets.xcassets"; sourceTree = "<group>"; };
		7A398EF72996047C00B46BDD /* Info.plist */ = {isa = PBXFileReference; lastKnownFileType = text.plist; path = Info.plist; sourceTree = "<group>"; };
		7A398EFA2996061100B46BDD /* ChatListVC.swift */ = {isa = PBXFileReference; lastKnownFileType = sourcecode.swift; path = ChatListVC.swift; sourceTree = "<group>"; };
		7A398EFC2996062100B46BDD /* ChatVC.swift */ = {isa = PBXFileReference; lastKnownFileType = sourcecode.swift; path = ChatVC.swift; sourceTree = "<group>"; };
		7A398EFE299607F300B46BDD /* GoogleService-Info.plist */ = {isa = PBXFileReference; fileEncoding = 4; lastKnownFileType = text.plist.xml; path = "GoogleService-Info.plist"; sourceTree = "<group>"; };
		7A398F002996089900B46BDD /* ConstantClass.swift */ = {isa = PBXFileReference; lastKnownFileType = sourcecode.swift; path = ConstantClass.swift; sourceTree = "<group>"; };
		7A398F0329960B6100B46BDD /* SakiColor.swift */ = {isa = PBXFileReference; lastKnownFileType = sourcecode.swift; path = SakiColor.swift; sourceTree = "<group>"; };
		7A398F05299611CD00B46BDD /* LoginView.swift */ = {isa = PBXFileReference; lastKnownFileType = sourcecode.swift; path = LoginView.swift; sourceTree = "<group>"; };
		AF7AADB1785810F8BA4EE250 /* Pods-SwiftUIChat.debug.xcconfig */ = {isa = PBXFileReference; includeInIndex = 1; lastKnownFileType = text.xcconfig; name = "Pods-SwiftUIChat.debug.xcconfig"; path = "Target Support Files/Pods-SwiftUIChat/Pods-SwiftUIChat.debug.xcconfig"; sourceTree = "<group>"; };
		EE2E4088B1ED648DF91A8F38 /* Pods-SwiftUIChat.release.xcconfig */ = {isa = PBXFileReference; includeInIndex = 1; lastKnownFileType = text.xcconfig; name = "Pods-SwiftUIChat.release.xcconfig"; path = "Target Support Files/Pods-SwiftUIChat/Pods-SwiftUIChat.release.xcconfig"; sourceTree = "<group>"; };
/* End PBXFileReference section */

/* Begin PBXFrameworksBuildPhase section */
		7A398EE1299603E400B46BDD /* Frameworks */ = {
			isa = PBXFrameworksBuildPhase;
			buildActionMask = 2147483647;
			files = (
				086A246132763C032BECB224 /* Pods_SwiftUIChat.framework in Frameworks */,
			);
			runOnlyForDeploymentPostprocessing = 0;
		};
/* End PBXFrameworksBuildPhase section */

/* Begin PBXGroup section */
		0709B930E1732937F2F7CE52 /* Pods */ = {
			isa = PBXGroup;
			children = (
				AF7AADB1785810F8BA4EE250 /* Pods-SwiftUIChat.debug.xcconfig */,
				EE2E4088B1ED648DF91A8F38 /* Pods-SwiftUIChat.release.xcconfig */,
			);
			path = Pods;
			sourceTree = "<group>";
		};
		7A398EDB299603E400B46BDD = {
			isa = PBXGroup;
			children = (
				7A398EE6299603E400B46BDD /* SwiftUIChat */,
				7A398EE5299603E400B46BDD /* Products */,
				0709B930E1732937F2F7CE52 /* Pods */,
				7FADB90A9B0C4EA6163AE80A /* Frameworks */,
			);
			sourceTree = "<group>";
		};
		7A398EE5299603E400B46BDD /* Products */ = {
			isa = PBXGroup;
			children = (
				7A398EE4299603E400B46BDD /* SwiftUIChat.app */,
			);
			name = Products;
			sourceTree = "<group>";
		};
		7A398EE6299603E400B46BDD /* SwiftUIChat */ = {
			isa = PBXGroup;
			children = (
				7A398F0229960B2100B46BDD /* CustomClass */,
				7A398EFE299607F300B46BDD /* GoogleService-Info.plist */,
				7A398EF9299605EA00B46BDD /* HomeFlow */,
				7A398EF8299605E200B46BDD /* LoginFlow */,
				7A398EF72996047C00B46BDD /* Info.plist */,
				7A398EE7299603E400B46BDD /* SwiftUIChatApp.swift */,
				7A398EE9299603E400B46BDD /* ContentView.swift */,
				7A398EEB299603E600B46BDD /* Assets.xcassets */,
				7A398EED299603E600B46BDD /* Preview Content */,
				7A398F002996089900B46BDD /* ConstantClass.swift */,
			);
			path = SwiftUIChat;
			sourceTree = "<group>";
		};
		7A398EED299603E600B46BDD /* Preview Content */ = {
			isa = PBXGroup;
			children = (
				7A398EEE299603E600B46BDD /* Preview Assets.xcassets */,
			);
			path = "Preview Content";
			sourceTree = "<group>";
		};
		7A398EF8299605E200B46BDD /* LoginFlow */ = {
			isa = PBXGroup;
			children = (
				7A398F05299611CD00B46BDD /* LoginView.swift */,
			);
			path = LoginFlow;
			sourceTree = "<group>";
		};
		7A398EF9299605EA00B46BDD /* HomeFlow */ = {
			isa = PBXGroup;
			children = (
				7A398EFA2996061100B46BDD /* ChatListVC.swift */,
				7A398EFC2996062100B46BDD /* ChatVC.swift */,
			);
			path = HomeFlow;
			sourceTree = "<group>";
		};
		7A398F0229960B2100B46BDD /* CustomClass */ = {
			isa = PBXGroup;
			children = (
				7A398F0329960B6100B46BDD /* SakiColor.swift */,
			);
			path = CustomClass;
			sourceTree = "<group>";
		};
		7FADB90A9B0C4EA6163AE80A /* Frameworks */ = {
			isa = PBXGroup;
			children = (
				32EF89797C49BF9849865AAB /* Pods_SwiftUIChat.framework */,
			);
			name = Frameworks;
			sourceTree = "<group>";
		};
/* End PBXGroup section */

/* Begin PBXNativeTarget section */
		7A398EE3299603E400B46BDD /* SwiftUIChat */ = {
			isa = PBXNativeTarget;
			buildConfigurationList = 7A398EF2299603E600B46BDD /* Build configuration list for PBXNativeTarget "SwiftUIChat" */;
			buildPhases = (
				DE6DEA6C26FCBBFF292D118B /* [CP] Check Pods Manifest.lock */,
				7A398EE0299603E400B46BDD /* Sources */,
				7A398EE1299603E400B46BDD /* Frameworks */,
				7A398EE2299603E400B46BDD /* Resources */,
				366F10EEF2FC3D93AC2AEFF7 /* [CP] Embed Pods Frameworks */,
			);
			buildRules = (
			);
			dependencies = (
			);
			name = SwiftUIChat;
			productName = SwiftUIChat;
			productReference = 7A398EE4299603E400B46BDD /* SwiftUIChat.app */;
			productType = "com.apple.product-type.application";
		};
/* End PBXNativeTarget section */

/* Begin PBXProject section */
		7A398EDC299603E400B46BDD /* Project object */ = {
			isa = PBXProject;
			attributes = {
				BuildIndependentTargetsInParallel = 1;
				LastSwiftUpdateCheck = 1420;
				LastUpgradeCheck = 1420;
				TargetAttributes = {
					7A398EE3299603E400B46BDD = {
						CreatedOnToolsVersion = 14.2;
					};
				};
			};
			buildConfigurationList = 7A398EDF299603E400B46BDD /* Build configuration list for PBXProject "SwiftUIChat" */;
			compatibilityVersion = "Xcode 14.0";
			developmentRegion = en;
			hasScannedForEncodings = 0;
			knownRegions = (
				en,
				Base,
			);
			mainGroup = 7A398EDB299603E400B46BDD;
			productRefGroup = 7A398EE5299603E400B46BDD /* Products */;
			projectDirPath = "";
			projectRoot = "";
			targets = (
				7A398EE3299603E400B46BDD /* SwiftUIChat */,
			);
		};
/* End PBXProject section */

/* Begin PBXResourcesBuildPhase section */
		7A398EE2299603E400B46BDD /* Resources */ = {
			isa = PBXResourcesBuildPhase;
			buildActionMask = 2147483647;
			files = (
				7A398EEF299603E600B46BDD /* Preview Assets.xcassets in Resources */,
				7A398EEC299603E600B46BDD /* Assets.xcassets in Resources */,
				7A398EFF299607F300B46BDD /* GoogleService-Info.plist in Resources */,
			);
			runOnlyForDeploymentPostprocessing = 0;
		};
/* End PBXResourcesBuildPhase section */

/* Begin PBXShellScriptBuildPhase section */
		366F10EEF2FC3D93AC2AEFF7 /* [CP] Embed Pods Frameworks */ = {
			isa = PBXShellScriptBuildPhase;
			buildActionMask = 2147483647;
			files = (
			);
			inputFileListPaths = (
				"${PODS_ROOT}/Target Support Files/Pods-SwiftUIChat/Pods-SwiftUIChat-frameworks-${CONFIGURATION}-input-files.xcfilelist",
			);
			name = "[CP] Embed Pods Frameworks";
			outputFileListPaths = (
				"${PODS_ROOT}/Target Support Files/Pods-SwiftUIChat/Pods-SwiftUIChat-frameworks-${CONFIGURATION}-output-files.xcfilelist",
			);
			runOnlyForDeploymentPostprocessing = 0;
			shellPath = /bin/sh;
			shellScript = "\"${PODS_ROOT}/Target Support Files/Pods-SwiftUIChat/Pods-SwiftUIChat-frameworks.sh\"\n";
			showEnvVarsInLog = 0;
		};
		DE6DEA6C26FCBBFF292D118B /* [CP] Check Pods Manifest.lock */ = {
			isa = PBXShellScriptBuildPhase;
			buildActionMask = 2147483647;
			files = (
			);
			inputFileListPaths = (
			);
			inputPaths = (
				"${PODS_PODFILE_DIR_PATH}/Podfile.lock",
				"${PODS_ROOT}/Manifest.lock",
			);
			name = "[CP] Check Pods Manifest.lock";
			outputFileListPaths = (
			);
			outputPaths = (
				"$(DERIVED_FILE_DIR)/Pods-SwiftUIChat-checkManifestLockResult.txt",
			);
			runOnlyForDeploymentPostprocessing = 0;
			shellPath = /bin/sh;
			shellScript = "diff \"${PODS_PODFILE_DIR_PATH}/Podfile.lock\" \"${PODS_ROOT}/Manifest.lock\" > /dev/null\nif [ $? != 0 ] ; then\n    # print error to STDERR\n    echo \"error: The sandbox is not in sync with the Podfile.lock. Run 'pod install' or update your CocoaPods installation.\" >&2\n    exit 1\nfi\n# This output is used by Xcode 'outputs' to avoid re-running this script phase.\necho \"SUCCESS\" > \"${SCRIPT_OUTPUT_FILE_0}\"\n";
			showEnvVarsInLog = 0;
		};
/* End PBXShellScriptBuildPhase section */

/* Begin PBXSourcesBuildPhase section */
		7A398EE0299603E400B46BDD /* Sources */ = {
			isa = PBXSourcesBuildPhase;
			buildActionMask = 2147483647;
			files = (
				7A398EFD2996062100B46BDD /* ChatVC.swift in Sources */,
				7A398F06299611CD00B46BDD /* LoginView.swift in Sources */,
				7A398EEA299603E400B46BDD /* ContentView.swift in Sources */,
				7A398EFB2996061100B46BDD /* ChatListVC.swift in Sources */,
				7A398F012996089900B46BDD /* ConstantClass.swift in Sources */,
				7A398EE8299603E400B46BDD /* SwiftUIChatApp.swift in Sources */,
				7A398F0429960B6100B46BDD /* SakiColor.swift in Sources */,
			);
			runOnlyForDeploymentPostprocessing = 0;
		};
/* End PBXSourcesBuildPhase section */

/* Begin XCBuildConfiguration section */
		7A398EF0299603E600B46BDD /* Debug */ = {
			isa = XCBuildConfiguration;
			buildSettings = {
				ALWAYS_SEARCH_USER_PATHS = NO;
				CLANG_ANALYZER_NONNULL = YES;
				CLANG_ANALYZER_NUMBER_OBJECT_CONVERSION = YES_AGGRESSIVE;
				CLANG_CXX_LANGUAGE_STANDARD = "gnu++20";
				CLANG_ENABLE_MODULES = YES;
				CLANG_ENABLE_OBJC_ARC = YES;
				CLANG_ENABLE_OBJC_WEAK = YES;
				CLANG_WARN_BLOCK_CAPTURE_AUTORELEASING = YES;
				CLANG_WARN_BOOL_CONVERSION = YES;
				CLANG_WARN_COMMA = YES;
				CLANG_WARN_CONSTANT_CONVERSION = YES;
				CLANG_WARN_DEPRECATED_OBJC_IMPLEMENTATIONS = YES;
				CLANG_WARN_DIRECT_OBJC_ISA_USAGE = YES_ERROR;
				CLANG_WARN_DOCUMENTATION_COMMENTS = YES;
				CLANG_WARN_EMPTY_BODY = YES;
				CLANG_WARN_ENUM_CONVERSION = YES;
				CLANG_WARN_INFINITE_RECURSION = YES;
				CLANG_WARN_INT_CONVERSION = YES;
				CLANG_WARN_NON_LITERAL_NULL_CONVERSION = YES;
				CLANG_WARN_OBJC_IMPLICIT_RETAIN_SELF = YES;
				CLANG_WARN_OBJC_LITERAL_CONVERSION = YES;
				CLANG_WARN_OBJC_ROOT_CLASS = YES_ERROR;
				CLANG_WARN_QUOTED_INCLUDE_IN_FRAMEWORK_HEADER = YES;
				CLANG_WARN_RANGE_LOOP_ANALYSIS = YES;
				CLANG_WARN_STRICT_PROTOTYPES = YES;
				CLANG_WARN_SUSPICIOUS_MOVE = YES;
				CLANG_WARN_UNGUARDED_AVAILABILITY = YES_AGGRESSIVE;
				CLANG_WARN_UNREACHABLE_CODE = YES;
				CLANG_WARN__DUPLICATE_METHOD_MATCH = YES;
				COPY_PHASE_STRIP = NO;
				DEBUG_INFORMATION_FORMAT = dwarf;
				ENABLE_STRICT_OBJC_MSGSEND = YES;
				ENABLE_TESTABILITY = YES;
				GCC_C_LANGUAGE_STANDARD = gnu11;
				GCC_DYNAMIC_NO_PIC = NO;
				GCC_NO_COMMON_BLOCKS = YES;
				GCC_OPTIMIZATION_LEVEL = 0;
				GCC_PREPROCESSOR_DEFINITIONS = (
					"DEBUG=1",
					"$(inherited)",
				);
				GCC_WARN_64_TO_32_BIT_CONVERSION = YES;
				GCC_WARN_ABOUT_RETURN_TYPE = YES_ERROR;
				GCC_WARN_UNDECLARED_SELECTOR = YES;
				GCC_WARN_UNINITIALIZED_AUTOS = YES_AGGRESSIVE;
				GCC_WARN_UNUSED_FUNCTION = YES;
				GCC_WARN_UNUSED_VARIABLE = YES;
				IPHONEOS_DEPLOYMENT_TARGET = 16.2;
				MTL_ENABLE_DEBUG_INFO = INCLUDE_SOURCE;
				MTL_FAST_MATH = YES;
				ONLY_ACTIVE_ARCH = YES;
				SDKROOT = iphoneos;
				SWIFT_ACTIVE_COMPILATION_CONDITIONS = DEBUG;
				SWIFT_OPTIMIZATION_LEVEL = "-Onone";
			};
			name = Debug;
		};
		7A398EF1299603E600B46BDD /* Release */ = {
			isa = XCBuildConfiguration;
			buildSettings = {
				ALWAYS_SEARCH_USER_PATHS = NO;
				CLANG_ANALYZER_NONNULL = YES;
				CLANG_ANALYZER_NUMBER_OBJECT_CONVERSION = YES_AGGRESSIVE;
				CLANG_CXX_LANGUAGE_STANDARD = "gnu++20";
				CLANG_ENABLE_MODULES = YES;
				CLANG_ENABLE_OBJC_ARC = YES;
				CLANG_ENABLE_OBJC_WEAK = YES;
				CLANG_WARN_BLOCK_CAPTURE_AUTORELEASING = YES;
				CLANG_WARN_BOOL_CONVERSION = YES;
				CLANG_WARN_COMMA = YES;
				CLANG_WARN_CONSTANT_CONVERSION = YES;
				CLANG_WARN_DEPRECATED_OBJC_IMPLEMENTATIONS = YES;
				CLANG_WARN_DIRECT_OBJC_ISA_USAGE = YES_ERROR;
				CLANG_WARN_DOCUMENTATION_COMMENTS = YES;
				CLANG_WARN_EMPTY_BODY = YES;
				CLANG_WARN_ENUM_CONVERSION = YES;
				CLANG_WARN_INFINITE_RECURSION = YES;
				CLANG_WARN_INT_CONVERSION = YES;
				CLANG_WARN_NON_LITERAL_NULL_CONVERSION = YES;
				CLANG_WARN_OBJC_IMPLICIT_RETAIN_SELF = YES;
				CLANG_WARN_OBJC_LITERAL_CONVERSION = YES;
				CLANG_WARN_OBJC_ROOT_CLASS = YES_ERROR;
				CLANG_WARN_QUOTED_INCLUDE_IN_FRAMEWORK_HEADER = YES;
				CLANG_WARN_RANGE_LOOP_ANALYSIS = YES;
				CLANG_WARN_STRICT_PROTOTYPES = YES;
				CLANG_WARN_SUSPICIOUS_MOVE = YES;
				CLANG_WARN_UNGUARDED_AVAILABILITY = YES_AGGRESSIVE;
				CLANG_WARN_UNREACHABLE_CODE = YES;
				CLANG_WARN__DUPLICATE_METHOD_MATCH = YES;
				COPY_PHASE_STRIP = NO;
				DEBUG_INFORMATION_FORMAT = "dwarf-with-dsym";
				ENABLE_NS_ASSERTIONS = NO;
				ENABLE_STRICT_OBJC_MSGSEND = YES;
				GCC_C_LANGUAGE_STANDARD = gnu11;
				GCC_NO_COMMON_BLOCKS = YES;
				GCC_WARN_64_TO_32_BIT_CONVERSION = YES;
				GCC_WARN_ABOUT_RETURN_TYPE = YES_ERROR;
				GCC_WARN_UNDECLARED_SELECTOR = YES;
				GCC_WARN_UNINITIALIZED_AUTOS = YES_AGGRESSIVE;
				GCC_WARN_UNUSED_FUNCTION = YES;
				GCC_WARN_UNUSED_VARIABLE = YES;
				IPHONEOS_DEPLOYMENT_TARGET = 16.2;
				MTL_ENABLE_DEBUG_INFO = NO;
				MTL_FAST_MATH = YES;
				SDKROOT = iphoneos;
				SWIFT_COMPILATION_MODE = wholemodule;
				SWIFT_OPTIMIZATION_LEVEL = "-O";
				VALIDATE_PRODUCT = YES;
			};
			name = Release;
		};
		7A398EF3299603E600B46BDD /* Debug */ = {
			isa = XCBuildConfiguration;
			baseConfigurationReference = AF7AADB1785810F8BA4EE250 /* Pods-SwiftUIChat.debug.xcconfig */;
			buildSettings = {
				ASSETCATALOG_COMPILER_APPICON_NAME = AppIcon;
				ASSETCATALOG_COMPILER_GLOBAL_ACCENT_COLOR_NAME = AccentColor;
				CODE_SIGN_STYLE = Automatic;
				CURRENT_PROJECT_VERSION = 1;
				DEVELOPMENT_ASSET_PATHS = "\"SwiftUIChat/Preview Content\"";
				ENABLE_PREVIEWS = YES;
				GENERATE_INFOPLIST_FILE = YES;
				INFOPLIST_FILE = SwiftUIChat/Info.plist;
				INFOPLIST_KEY_UIApplicationSceneManifest_Generation = YES;
				INFOPLIST_KEY_UIApplicationSupportsIndirectInputEvents = YES;
				INFOPLIST_KEY_UILaunchScreen_Generation = YES;
				INFOPLIST_KEY_UISupportedInterfaceOrientations_iPad = "UIInterfaceOrientationPortrait UIInterfaceOrientationPortraitUpsideDown UIInterfaceOrientationLandscapeLeft UIInterfaceOrientationLandscapeRight";
				INFOPLIST_KEY_UISupportedInterfaceOrientations_iPhone = "UIInterfaceOrientationPortrait UIInterfaceOrientationLandscapeLeft UIInterfaceOrientationLandscapeRight";
				LD_RUNPATH_SEARCH_PATHS = (
					"$(inherited)",
					"@executable_path/Frameworks",
				);
				MARKETING_VERSION = 1.0;
				PRODUCT_BUNDLE_IDENTIFIER = com.saki.SwiftUIChat;
				PRODUCT_NAME = "$(TARGET_NAME)";
				SWIFT_EMIT_LOC_STRINGS = YES;
				SWIFT_VERSION = 5.0;
				TARGETED_DEVICE_FAMILY = "1,2";
			};
			name = Debug;
		};
		7A398EF4299603E600B46BDD /* Release */ = {
			isa = XCBuildConfiguration;
			baseConfigurationReference = EE2E4088B1ED648DF91A8F38 /* Pods-SwiftUIChat.release.xcconfig */;
			buildSettings = {
				ASSETCATALOG_COMPILER_APPICON_NAME = AppIcon;
				ASSETCATALOG_COMPILER_GLOBAL_ACCENT_COLOR_NAME = AccentColor;
				CODE_SIGN_STYLE = Automatic;
				CURRENT_PROJECT_VERSION = 1;
				DEVELOPMENT_ASSET_PATHS = "\"SwiftUIChat/Preview Content\"";
				ENABLE_PREVIEWS = YES;
				GENERATE_INFOPLIST_FILE = YES;
				INFOPLIST_FILE = SwiftUIChat/Info.plist;
				INFOPLIST_KEY_UIApplicationSceneManifest_Generation = YES;
				INFOPLIST_KEY_UIApplicationSupportsIndirectInputEvents = YES;
				INFOPLIST_KEY_UILaunchScreen_Generation = YES;
				INFOPLIST_KEY_UISupportedInterfaceOrientations_iPad = "UIInterfaceOrientationPortrait UIInterfaceOrientationPortraitUpsideDown UIInterfaceOrientationLandscapeLeft UIInterfaceOrientationLandscapeRight";
				INFOPLIST_KEY_UISupportedInterfaceOrientations_iPhone = "UIInterfaceOrientationPortrait UIInterfaceOrientationLandscapeLeft UIInterfaceOrientationLandscapeRight";
				LD_RUNPATH_SEARCH_PATHS = (
					"$(inherited)",
					"@executable_path/Frameworks",
				);
				MARKETING_VERSION = 1.0;
				PRODUCT_BUNDLE_IDENTIFIER = com.saki.SwiftUIChat;
				PRODUCT_NAME = "$(TARGET_NAME)";
				SWIFT_EMIT_LOC_STRINGS = YES;
				SWIFT_VERSION = 5.0;
				TARGETED_DEVICE_FAMILY = "1,2";
			};
			name = Release;
		};
/* End XCBuildConfiguration section */

/* Begin XCConfigurationList section */
		7A398EDF299603E400B46BDD /* Build configuration list for PBXProject "SwiftUIChat" */ = {
			isa = XCConfigurationList;
			buildConfigurations = (
				7A398EF0299603E600B46BDD /* Debug */,
				7A398EF1299603E600B46BDD /* Release */,
			);
			defaultConfigurationIsVisible = 0;
			defaultConfigurationName = Release;
		};
		7A398EF2299603E600B46BDD /* Build configuration list for PBXNativeTarget "SwiftUIChat" */ = {
			isa = XCConfigurationList;
			buildConfigurations = (
				7A398EF3299603E600B46BDD /* Debug */,
				7A398EF4299603E600B46BDD /* Release */,
			);
			defaultConfigurationIsVisible = 0;
			defaultConfigurationName = Release;
		};
/* End XCConfigurationList section */
	};
	rootObject = 7A398EDC299603E400B46BDD /* Project object */;
}
